
Microsoft Visual Studio Solution File, Format Version 12.00
# Visual Studio Version 17
VisualStudioVersion = 17.1.32328.378
MinimumVisualStudioVersion = 10.0.40219.1
Project("{FAE04EC0-301F-11D3-BF4B-00C04F79EFBC}") = "Producer", "Producer\Producer.csproj", "{1BCB7702-C8FC-431C-AE71-AD2B6D16E8BE}"
EndProject
Global
	GlobalSection(SolutionConfigurationPlatforms) = preSolution
		Debug|Any CPU = Debug|Any CPU
		Release|Any CPU = Release|Any CPU
	EndGlobalSection
	GlobalSection(ProjectConfigurationPlatforms) = postSolution
		{1BCB7702-C8FC-431C-AE71-AD2B6D16E8BE}.Debug|Any CPU.ActiveCfg = Debug|Any CPU
		{1BCB7702-C8FC-431C-AE71-AD2B6D16E8BE}.Debug|Any CPU.Build.0 = Debug|Any CPU
		{1BCB7702-C8FC-431C-AE71-AD2B6D16E8BE}.Release|Any CPU.ActiveCfg = Release|Any CPU
		{1BCB7702-C8FC-431C-AE71-AD2B6D16E8BE}.Release|Any CPU.Build.0 = Release|Any CPU
	EndGlobalSection
	GlobalSection(SolutionProperties) = preSolution
		HideSolutionNode = FALSE
	EndGlobalSection
	GlobalSection(ExtensibilityGlobals) = postSolution
		SolutionGuid = {9564F9A5-031C-4FB1-BA4E-EEF3496A1631}
	EndGlobalSection
EndGlobal
